
Microsoft Visual Studio Solution File, Format Version 12.00
# Visual Studio Version 16
VisualStudioVersion = 16.0.31829.152
MinimumVisualStudioVersion = 10.0.40219.1
Project("{FAE04EC0-301F-11D3-BF4B-00C04F79EFBC}") = "TennisBukmeker", "TennisBukmeker\TennisBukmeker.csproj", "{1657F745-A13C-4AFA-87FB-1A12AAAAED4E}"
EndProject
Project("{FAE04EC0-301F-11D3-BF4B-00C04F79EFBC}") = "wcf_chat", "wcf_chat\wcf_chat.csproj", "{A0535EFD-25DA-4E96-8557-1FB3DBC12D58}"
EndProject
Project("{FAE04EC0-301F-11D3-BF4B-00C04F79EFBC}") = "ChatHostt", "ChatHostt\ChatHostt.csproj", "{F4B04EE2-EA3C-41B5-9E0E-2F553E4747E8}"
EndProject
Global
	GlobalSection(SolutionConfigurationPlatforms) = preSolution
		Debug|Any CPU = Debug|Any CPU
		Release|Any CPU = Release|Any CPU
	EndGlobalSection
	GlobalSection(ProjectConfigurationPlatforms) = postSolution
		{1657F745-A13C-4AFA-87FB-1A12AAAAED4E}.Debug|Any CPU.ActiveCfg = Debug|Any CPU
		{1657F745-A13C-4AFA-87FB-1A12AAAAED4E}.Debug|Any CPU.Build.0 = Debug|Any CPU
		{1657F745-A13C-4AFA-87FB-1A12AAAAED4E}.Release|Any CPU.ActiveCfg = Release|Any CPU
		{1657F745-A13C-4AFA-87FB-1A12AAAAED4E}.Release|Any CPU.Build.0 = Release|Any CPU
		{A0535EFD-25DA-4E96-8557-1FB3DBC12D58}.Debug|Any CPU.ActiveCfg = Debug|Any CPU
		{A0535EFD-25DA-4E96-8557-1FB3DBC12D58}.Debug|Any CPU.Build.0 = Debug|Any CPU
		{A0535EFD-25DA-4E96-8557-1FB3DBC12D58}.Release|Any CPU.ActiveCfg = Release|Any CPU
		{A0535EFD-25DA-4E96-8557-1FB3DBC12D58}.Release|Any CPU.Build.0 = Release|Any CPU
		{F4B04EE2-EA3C-41B5-9E0E-2F553E4747E8}.Debug|Any CPU.ActiveCfg = Debug|Any CPU
		{F4B04EE2-EA3C-41B5-9E0E-2F553E4747E8}.Debug|Any CPU.Build.0 = Debug|Any CPU
		{F4B04EE2-EA3C-41B5-9E0E-2F553E4747E8}.Release|Any CPU.ActiveCfg = Release|Any CPU
		{F4B04EE2-EA3C-41B5-9E0E-2F553E4747E8}.Release|Any CPU.Build.0 = Release|Any CPU
	EndGlobalSection
	GlobalSection(SolutionProperties) = preSolution
		HideSolutionNode = FALSE
	EndGlobalSection
	GlobalSection(ExtensibilityGlobals) = postSolution
		SolutionGuid = {6A307141-4154-4266-9F11-F2E36601B965}
	EndGlobalSection
EndGlobal
